
Microsoft Visual Studio Solution File, Format Version 12.00
# Visual Studio Express 14 for Web
VisualStudioVersion = 14.0.25420.1
MinimumVisualStudioVersion = 10.0.40219.1
Project("{FAE04EC0-301F-11D3-BF4B-00C04F79EFBC}") = "FECprojeto", "FECprojeto\FECprojeto.csproj", "{000D14EE-0F8C-4B9E-A959-3999A8F4182E}"
EndProject
Project("{FAE04EC0-301F-11D3-BF4B-00C04F79EFBC}") = "CamadaDeDados", "CamadaDeDados\CamadaDeDados.csproj", "{F6815851-01B3-47D5-9B97-913272FE7EC0}"
EndProject
Project("{FAE04EC0-301F-11D3-BF4B-00C04F79EFBC}") = "CamadaDeNegocios", "CamadaDeNegocios\CamadaDeNegocios.csproj", "{C5428352-CA5D-4472-830B-C7F5785CAAA5}"
EndProject
Global
	GlobalSection(SolutionConfigurationPlatforms) = preSolution
		Debug|Any CPU = Debug|Any CPU
		Release|Any CPU = Release|Any CPU
	EndGlobalSection
	GlobalSection(ProjectConfigurationPlatforms) = postSolution
		{000D14EE-0F8C-4B9E-A959-3999A8F4182E}.Debug|Any CPU.ActiveCfg = Debug|Any CPU
		{000D14EE-0F8C-4B9E-A959-3999A8F4182E}.Debug|Any CPU.Build.0 = Debug|Any CPU
		{000D14EE-0F8C-4B9E-A959-3999A8F4182E}.Release|Any CPU.ActiveCfg = Release|Any CPU
		{000D14EE-0F8C-4B9E-A959-3999A8F4182E}.Release|Any CPU.Build.0 = Release|Any CPU
		{F6815851-01B3-47D5-9B97-913272FE7EC0}.Debug|Any CPU.ActiveCfg = Debug|Any CPU
		{F6815851-01B3-47D5-9B97-913272FE7EC0}.Debug|Any CPU.Build.0 = Debug|Any CPU
		{F6815851-01B3-47D5-9B97-913272FE7EC0}.Release|Any CPU.ActiveCfg = Release|Any CPU
		{F6815851-01B3-47D5-9B97-913272FE7EC0}.Release|Any CPU.Build.0 = Release|Any CPU
		{C5428352-CA5D-4472-830B-C7F5785CAAA5}.Debug|Any CPU.ActiveCfg = Debug|Any CPU
		{C5428352-CA5D-4472-830B-C7F5785CAAA5}.Debug|Any CPU.Build.0 = Debug|Any CPU
		{C5428352-CA5D-4472-830B-C7F5785CAAA5}.Release|Any CPU.ActiveCfg = Release|Any CPU
		{C5428352-CA5D-4472-830B-C7F5785CAAA5}.Release|Any CPU.Build.0 = Release|Any CPU
	EndGlobalSection
	GlobalSection(SolutionProperties) = preSolution
		HideSolutionNode = FALSE
	EndGlobalSection
EndGlobal
